
Microsoft Visual Studio Solution File, Format Version 12.00
# Visual Studio Version 17
VisualStudioVersion = 17.0.31903.59
MinimumVisualStudioVersion = 10.0.40219.1
Project("{2150E333-8FDC-42A3-9474-1A3956D46DE8}") = "src", "src", "{827E0CD3-B72D-47B6-A68D-7590B98EB39B}"
EndProject
Project("{FAE04EC0-301F-11D3-BF4B-00C04F79EFBC}") = "NotificationService.Domain", "src\NotificationService.Domain\NotificationService.Domain.csproj", "{8DD7F5BC-45CE-4986-8751-9F5C3F265856}"
EndProject
Project("{FAE04EC0-301F-11D3-BF4B-00C04F79EFBC}") = "NotificationService.Application", "src\NotificationService.Application\NotificationService.Application.csproj", "{4E1FB1AE-4E98-4604-93C6-94409701196C}"
EndProject
Project("{FAE04EC0-301F-11D3-BF4B-00C04F79EFBC}") = "NotificationService.Infrastructure", "src\NotificationService.Infrastructure\NotificationService.Infrastructure.csproj", "{56D3EFD9-5050-46AE-8EA2-FE50C72E1C99}"
EndProject
Project("{FAE04EC0-301F-11D3-BF4B-00C04F79EFBC}") = "NotificationService.Api", "src\NotificationService.Api\NotificationService.Api.csproj", "{F0739374-3899-48DF-A9D7-AAF75ACB8F73}"
EndProject
Project("{2150E333-8FDC-42A3-9474-1A3956D46DE8}") = "documentation", "documentation", "{3295AF9E-2C2E-448D-93F4-CDA9549FA992}"
	ProjectSection(SolutionItems) = preProject
		..\docs\README.md = ..\docs\README.md
	EndProjectSection
EndProject
Project("{FAE04EC0-301F-11D3-BF4B-00C04F79EFBC}") = "NotificationService.TestHandlers", "src\NotificationService.TestHandlers\NotificationService.TestHandlers.csproj", "{212B1AA1-ABDE-4A83-BDFB-14299810DF73}"
EndProject
Project("{FAE04EC0-301F-11D3-BF4B-00C04F79EFBC}") = "EF.DynamicFilters", "src\EF.DynamicFilters\EF.DynamicFilters.csproj", "{61323CEF-CF87-44FF-9D96-430659F835D4}"
EndProject
Global
	GlobalSection(SolutionConfigurationPlatforms) = preSolution
		Debug|Any CPU = Debug|Any CPU
		Debug|x64 = Debug|x64
		Debug|x86 = Debug|x86
		Release|Any CPU = Release|Any CPU
		Release|x64 = Release|x64
		Release|x86 = Release|x86
	EndGlobalSection
	GlobalSection(ProjectConfigurationPlatforms) = postSolution
		{8DD7F5BC-45CE-4986-8751-9F5C3F265856}.Debug|Any CPU.ActiveCfg = Debug|Any CPU
		{8DD7F5BC-45CE-4986-8751-9F5C3F265856}.Debug|Any CPU.Build.0 = Debug|Any CPU
		{8DD7F5BC-45CE-4986-8751-9F5C3F265856}.Debug|x64.ActiveCfg = Debug|Any CPU
		{8DD7F5BC-45CE-4986-8751-9F5C3F265856}.Debug|x64.Build.0 = Debug|Any CPU
		{8DD7F5BC-45CE-4986-8751-9F5C3F265856}.Debug|x86.ActiveCfg = Debug|Any CPU
		{8DD7F5BC-45CE-4986-8751-9F5C3F265856}.Debug|x86.Build.0 = Debug|Any CPU
		{8DD7F5BC-45CE-4986-8751-9F5C3F265856}.Release|Any CPU.ActiveCfg = Release|Any CPU
		{8DD7F5BC-45CE-4986-8751-9F5C3F265856}.Release|Any CPU.Build.0 = Release|Any CPU
		{8DD7F5BC-45CE-4986-8751-9F5C3F265856}.Release|x64.ActiveCfg = Release|Any CPU
		{8DD7F5BC-45CE-4986-8751-9F5C3F265856}.Release|x64.Build.0 = Release|Any CPU
		{8DD7F5BC-45CE-4986-8751-9F5C3F265856}.Release|x86.ActiveCfg = Release|Any CPU
		{8DD7F5BC-45CE-4986-8751-9F5C3F265856}.Release|x86.Build.0 = Release|Any CPU
		{4E1FB1AE-4E98-4604-93C6-94409701196C}.Debug|Any CPU.ActiveCfg = Debug|Any CPU
		{4E1FB1AE-4E98-4604-93C6-94409701196C}.Debug|Any CPU.Build.0 = Debug|Any CPU
		{4E1FB1AE-4E98-4604-93C6-94409701196C}.Debug|x64.ActiveCfg = Debug|Any CPU
		{4E1FB1AE-4E98-4604-93C6-94409701196C}.Debug|x64.Build.0 = Debug|Any CPU
		{4E1FB1AE-4E98-4604-93C6-94409701196C}.Debug|x86.ActiveCfg = Debug|Any CPU
		{4E1FB1AE-4E98-4604-93C6-94409701196C}.Debug|x86.Build.0 = Debug|Any CPU
		{4E1FB1AE-4E98-4604-93C6-94409701196C}.Release|Any CPU.ActiveCfg = Release|Any CPU
		{4E1FB1AE-4E98-4604-93C6-94409701196C}.Release|Any CPU.Build.0 = Release|Any CPU
		{4E1FB1AE-4E98-4604-93C6-94409701196C}.Release|x64.ActiveCfg = Release|Any CPU
		{4E1FB1AE-4E98-4604-93C6-94409701196C}.Release|x64.Build.0 = Release|Any CPU
		{4E1FB1AE-4E98-4604-93C6-94409701196C}.Release|x86.ActiveCfg = Release|Any CPU
		{4E1FB1AE-4E98-4604-93C6-94409701196C}.Release|x86.Build.0 = Release|Any CPU
		{56D3EFD9-5050-46AE-8EA2-FE50C72E1C99}.Debug|Any CPU.ActiveCfg = Debug|Any CPU
		{56D3EFD9-5050-46AE-8EA2-FE50C72E1C99}.Debug|Any CPU.Build.0 = Debug|Any CPU
		{56D3EFD9-5050-46AE-8EA2-FE50C72E1C99}.Debug|x64.ActiveCfg = Debug|Any CPU
		{56D3EFD9-5050-46AE-8EA2-FE50C72E1C99}.Debug|x64.Build.0 = Debug|Any CPU
		{56D3EFD9-5050-46AE-8EA2-FE50C72E1C99}.Debug|x86.ActiveCfg = Debug|Any CPU
		{56D3EFD9-5050-46AE-8EA2-FE50C72E1C99}.Debug|x86.Build.0 = Debug|Any CPU
		{56D3EFD9-5050-46AE-8EA2-FE50C72E1C99}.Release|Any CPU.ActiveCfg = Release|Any CPU
		{56D3EFD9-5050-46AE-8EA2-FE50C72E1C99}.Release|Any CPU.Build.0 = Release|Any CPU
		{56D3EFD9-5050-46AE-8EA2-FE50C72E1C99}.Release|x64.ActiveCfg = Release|Any CPU
		{56D3EFD9-5050-46AE-8EA2-FE50C72E1C99}.Release|x64.Build.0 = Release|Any CPU
		{56D3EFD9-5050-46AE-8EA2-FE50C72E1C99}.Release|x86.ActiveCfg = Release|Any CPU
		{56D3EFD9-5050-46AE-8EA2-FE50C72E1C99}.Release|x86.Build.0 = Release|Any CPU
		{F0739374-3899-48DF-A9D7-AAF75ACB8F73}.Debug|Any CPU.ActiveCfg = Debug|Any CPU
		{F0739374-3899-48DF-A9D7-AAF75ACB8F73}.Debug|Any CPU.Build.0 = Debug|Any CPU
		{F0739374-3899-48DF-A9D7-AAF75ACB8F73}.Debug|x64.ActiveCfg = Debug|Any CPU
		{F0739374-3899-48DF-A9D7-AAF75ACB8F73}.Debug|x64.Build.0 = Debug|Any CPU
		{F0739374-3899-48DF-A9D7-AAF75ACB8F73}.Debug|x86.ActiveCfg = Debug|Any CPU
		{F0739374-3899-48DF-A9D7-AAF75ACB8F73}.Debug|x86.Build.0 = Debug|Any CPU
		{F0739374-3899-48DF-A9D7-AAF75ACB8F73}.Release|Any CPU.ActiveCfg = Release|Any CPU
		{F0739374-3899-48DF-A9D7-AAF75ACB8F73}.Release|Any CPU.Build.0 = Release|Any CPU
		{F0739374-3899-48DF-A9D7-AAF75ACB8F73}.Release|x64.ActiveCfg = Release|Any CPU
		{F0739374-3899-48DF-A9D7-AAF75ACB8F73}.Release|x64.Build.0 = Release|Any CPU
		{F0739374-3899-48DF-A9D7-AAF75ACB8F73}.Release|x86.ActiveCfg = Release|Any CPU
		{F0739374-3899-48DF-A9D7-AAF75ACB8F73}.Release|x86.Build.0 = Release|Any CPU
		{212B1AA1-ABDE-4A83-BDFB-14299810DF73}.Debug|Any CPU.ActiveCfg = Debug|Any CPU
		{212B1AA1-ABDE-4A83-BDFB-14299810DF73}.Debug|Any CPU.Build.0 = Debug|Any CPU
		{212B1AA1-ABDE-4A83-BDFB-14299810DF73}.Debug|x64.ActiveCfg = Debug|Any CPU
		{212B1AA1-ABDE-4A83-BDFB-14299810DF73}.Debug|x64.Build.0 = Debug|Any CPU
		{212B1AA1-ABDE-4A83-BDFB-14299810DF73}.Debug|x86.ActiveCfg = Debug|Any CPU
		{212B1AA1-ABDE-4A83-BDFB-14299810DF73}.Debug|x86.Build.0 = Debug|Any CPU
		{212B1AA1-ABDE-4A83-BDFB-14299810DF73}.Release|Any CPU.ActiveCfg = Release|Any CPU
		{212B1AA1-ABDE-4A83-BDFB-14299810DF73}.Release|Any CPU.Build.0 = Release|Any CPU
		{212B1AA1-ABDE-4A83-BDFB-14299810DF73}.Release|x64.ActiveCfg = Release|Any CPU
		{212B1AA1-ABDE-4A83-BDFB-14299810DF73}.Release|x64.Build.0 = Release|Any CPU
		{212B1AA1-ABDE-4A83-BDFB-14299810DF73}.Release|x86.ActiveCfg = Release|Any CPU
		{212B1AA1-ABDE-4A83-BDFB-14299810DF73}.Release|x86.Build.0 = Release|Any CPU
		{61323CEF-CF87-44FF-9D96-430659F835D4}.Debug|Any CPU.ActiveCfg = Debug|Any CPU
		{61323CEF-CF87-44FF-9D96-430659F835D4}.Debug|Any CPU.Build.0 = Debug|Any CPU
		{61323CEF-CF87-44FF-9D96-430659F835D4}.Debug|x64.ActiveCfg = Debug|Any CPU
		{61323CEF-CF87-44FF-9D96-430659F835D4}.Debug|x64.Build.0 = Debug|Any CPU
		{61323CEF-CF87-44FF-9D96-430659F835D4}.Debug|x86.ActiveCfg = Debug|Any CPU
		{61323CEF-CF87-44FF-9D96-430659F835D4}.Debug|x86.Build.0 = Debug|Any CPU
		{61323CEF-CF87-44FF-9D96-430659F835D4}.Release|Any CPU.ActiveCfg = Release|Any CPU
		{61323CEF-CF87-44FF-9D96-430659F835D4}.Release|Any CPU.Build.0 = Release|Any CPU
		{61323CEF-CF87-44FF-9D96-430659F835D4}.Release|x64.ActiveCfg = Release|Any CPU
		{61323CEF-CF87-44FF-9D96-430659F835D4}.Release|x64.Build.0 = Release|Any CPU
		{61323CEF-CF87-44FF-9D96-430659F835D4}.Release|x86.ActiveCfg = Release|Any CPU
		{61323CEF-CF87-44FF-9D96-430659F835D4}.Release|x86.Build.0 = Release|Any CPU
	EndGlobalSection
	GlobalSection(SolutionProperties) = preSolution
		HideSolutionNode = FALSE
	EndGlobalSection
	GlobalSection(NestedProjects) = preSolution
		{8DD7F5BC-45CE-4986-8751-9F5C3F265856} = {827E0CD3-B72D-47B6-A68D-7590B98EB39B}
		{4E1FB1AE-4E98-4604-93C6-94409701196C} = {827E0CD3-B72D-47B6-A68D-7590B98EB39B}
		{56D3EFD9-5050-46AE-8EA2-FE50C72E1C99} = {827E0CD3-B72D-47B6-A68D-7590B98EB39B}
		{F0739374-3899-48DF-A9D7-AAF75ACB8F73} = {827E0CD3-B72D-47B6-A68D-7590B98EB39B}
		{212B1AA1-ABDE-4A83-BDFB-14299810DF73} = {827E0CD3-B72D-47B6-A68D-7590B98EB39B}
		{61323CEF-CF87-44FF-9D96-430659F835D4} = {827E0CD3-B72D-47B6-A68D-7590B98EB39B}
	EndGlobalSection
EndGlobal
